
Microsoft Visual Studio Solution File, Format Version 12.00
# Visual Studio Version 16
VisualStudioVersion = 16.0.32802.440
MinimumVisualStudioVersion = 10.0.40219.1
Project("{FAE04EC0-301F-11D3-BF4B-00C04F79EFBC}") = "Appliance rental app", "Appliance rental app\Appliance rental app.csproj", "{FF113716-E2A8-424E-902C-D22CAD8C793F}"
EndProject
Global
	GlobalSection(SolutionConfigurationPlatforms) = preSolution
		Debug|Any CPU = Debug|Any CPU
		Release|Any CPU = Release|Any CPU
	EndGlobalSection
	GlobalSection(ProjectConfigurationPlatforms) = postSolution
		{FF113716-E2A8-424E-902C-D22CAD8C793F}.Debug|Any CPU.ActiveCfg = Debug|Any CPU
		{FF113716-E2A8-424E-902C-D22CAD8C793F}.Debug|Any CPU.Build.0 = Debug|Any CPU
		{FF113716-E2A8-424E-902C-D22CAD8C793F}.Release|Any CPU.ActiveCfg = Release|Any CPU
		{FF113716-E2A8-424E-902C-D22CAD8C793F}.Release|Any CPU.Build.0 = Release|Any CPU
	EndGlobalSection
	GlobalSection(SolutionProperties) = preSolution
		HideSolutionNode = FALSE
	EndGlobalSection
	GlobalSection(ExtensibilityGlobals) = postSolution
		SolutionGuid = {C89EE3CD-7950-4F65-80E8-B7C1AC07B26D}
	EndGlobalSection
EndGlobal
